
Microsoft Visual Studio Solution File, Format Version 12.00
# Visual Studio Version 16
VisualStudioVersion = 16.0.810.6
MinimumVisualStudioVersion = 10.0.40219.1
Project("{FAE04EC0-301F-11D3-BF4B-00C04F79EFBC}") = "dwx3", "dwx3\dwx3.csproj", "{CEE0CCDF-B8EA-409D-9ABF-C44A32698BAF}"
EndProject
Global
	GlobalSection(SolutionConfigurationPlatforms) = preSolution
		Debug|anycpu = Debug|anycpu
		Release|anycpu = Release|anycpu
	EndGlobalSection
	GlobalSection(ProjectConfigurationPlatforms) = postSolution
		{CEE0CCDF-B8EA-409D-9ABF-C44A32698BAF}.Debug|anycpu.ActiveCfg = Debug|anycpu
		{CEE0CCDF-B8EA-409D-9ABF-C44A32698BAF}.Debug|anycpu.Build.0 = Debug|anycpu
		{CEE0CCDF-B8EA-409D-9ABF-C44A32698BAF}.Release|anycpu.ActiveCfg = Release|anycpu
		{CEE0CCDF-B8EA-409D-9ABF-C44A32698BAF}.Release|anycpu.Build.0 = Release|anycpu
	EndGlobalSection
	GlobalSection(SolutionProperties) = preSolution
		HideSolutionNode = FALSE
	EndGlobalSection
	GlobalSection(ExtensibilityGlobals) = postSolution
		SolutionGuid = {9E352396-099F-46AB-8DED-8AFFC8B26966}
	EndGlobalSection
EndGlobal
